PODS:
  - NDLog (0.0.6.1):
    - NDLog/Swift (= 0.0.6.1)
  - NDLog/Core (0.0.6.1)
  - NDLog/Swift (0.0.6.1):
    - NDLog/Core

DEPENDENCIES:
  - NDLog (from `.`)

EXTERNAL SOURCES:
  NDLog:
    :path: "."

SPEC CHECKSUMS:
  NDLog: 1e996efb979679f547dcf729a955fe92577ed2c5

PODFILE CHECKSUM: 94064d82c7584e737661c1ee4f9592ce06f2bc69

COCOAPODS: 1.9.3
