PODS:
  - NDLog (0.0.6.2):
    - NDLog/Swift (= 0.0.6.2)
  - NDLog/Core_ObjC (0.0.6.2)
  - NDLog/Core_Swift (0.0.6.2):
    - NDLog/Core_ObjC
  - NDLog/Swift (0.0.6.2):
    - NDLog/Core_Swift

DEPENDENCIES:
  - NDLog (from `.`)

EXTERNAL SOURCES:
  NDLog:
    :path: "."

SPEC CHECKSUMS:
  NDLog: 585b26463216913f91733629529d65918ea5262d

PODFILE CHECKSUM: 94064d82c7584e737661c1ee4f9592ce06f2bc69

COCOAPODS: 1.9.3
