// !$*UTF8*$!
{
	archiveVersion = 1;
	classes = {
	};
	objectVersion = 51;
	objects = {

/* Begin PBXBuildFile section */
		BA21341C2559B6DD0001ADC8 /* AppDelegate.swift in Sources */ = {isa = PBXBuildFile; fileRef = BA21341B2559B6DD0001ADC8 /* AppDelegate.swift */; };
		BA2134202559B6DD0001ADC8 /* ViewController.swift in Sources */ = {isa = PBXBuildFile; fileRef = BA21341F2559B6DD0001ADC8 /* ViewController.swift */; };
		BA2134232559B6DD0001ADC8 /* Main.storyboard in Resources */ = {isa = PBXBuildFile; fileRef = BA2134212559B6DD0001ADC8 /* Main.storyboard */; };
		BA2134252559B6DE0001ADC8 /* Assets.xcassets in Resources */ = {isa = PBXBuildFile; fileRef = BA2134242559B6DE0001ADC8 /* Assets.xcassets */; };
		BA2134282559B6DE0001ADC8 /* LaunchScreen.storyboard in Resources */ = {isa = PBXBuildFile; fileRef = BA2134262559B6DE0001ADC8 /* LaunchScreen.storyboard */; };
		BA21343E2559B6DF0001ADC8 /* SamplesUITests.swift in Sources */ = {isa = PBXBuildFile; fileRef = BA21343D2559B6DF0001ADC8 /* SamplesUITests.swift */; };
		BA2134552559B7920001ADC8 /* NDLogObjCTests.mm in Sources */ = {isa = PBXBuildFile; fileRef = BA2134542559B7920001ADC8 /* NDLogObjCTests.mm */; };
		BA21347F2559BA6E0001ADC8 /* NDLog_SwiftTests.swift in Sources */ = {isa = PBXBuildFile; fileRef = BA21347E2559BA6E0001ADC8 /* NDLog_SwiftTests.swift */; };
		E5402291E46C334D1926C275 /* Pods_Samples_SamplesTests.framework in Frameworks */ = {isa = PBXBuildFile; fileRef = D8CDEDA5FEEF0EDC60BFC9C7 /* Pods_Samples_SamplesTests.framework */; };
		FCE163D0DD754E558A4287CD /* Pods_Samples.framework in Frameworks */ = {isa = PBXBuildFile; fileRef = 10B14E93C0393A49AA08D306 /* Pods_Samples.framework */; };
/* End PBXBuildFile section */

/* Begin PBXContainerItemProxy section */
		BA21342F2559B6DF0001ADC8 /* PBXContainerItemProxy */ = {
			isa = PBXContainerItemProxy;
			containerPortal = BA2134102559B6DD0001ADC8 /* Project object */;
			proxyType = 1;
			remoteGlobalIDString = BA2134172559B6DD0001ADC8;
			remoteInfo = Samples;
		};
		BA21343A2559B6DF0001ADC8 /* PBXContainerItemProxy */ = {
			isa = PBXContainerItemProxy;
			containerPortal = BA2134102559B6DD0001ADC8 /* Project object */;
			proxyType = 1;
			remoteGlobalIDString = BA2134172559B6DD0001ADC8;
			remoteInfo = Samples;
		};
/* End PBXContainerItemProxy section */

/* Begin PBXFileReference section */
		10B14E93C0393A49AA08D306 /* Pods_Samples.framework */ = {isa = PBXFileReference; explicitFileType = wrapper.framework; includeInIndex = 0; path = Pods_Samples.framework; sourceTree = BUILT_PRODUCTS_DIR; };
		26C2EA0683A77A7C557D3DD0 /* Pods-Samples.release.xcconfig */ = {isa = PBXFileReference; includeInIndex = 1; lastKnownFileType = text.xcconfig; name = "Pods-Samples.release.xcconfig"; path = "Target Support Files/Pods-Samples/Pods-Samples.release.xcconfig"; sourceTree = "<group>"; };
		448D2F96A54494469BA34D86 /* Pods-Samples-SamplesTests.release.xcconfig */ = {isa = PBXFileReference; includeInIndex = 1; lastKnownFileType = text.xcconfig; name = "Pods-Samples-SamplesTests.release.xcconfig"; path = "Target Support Files/Pods-Samples-SamplesTests/Pods-Samples-SamplesTests.release.xcconfig"; sourceTree = "<group>"; };
		7FC7704A3767F4BC8E43BE1E /* Pods-Samples-SamplesTests.debug.xcconfig */ = {isa = PBXFileReference; includeInIndex = 1; lastKnownFileType = text.xcconfig; name = "Pods-Samples-SamplesTests.debug.xcconfig"; path = "Target Support Files/Pods-Samples-SamplesTests/Pods-Samples-SamplesTests.debug.xcconfig"; sourceTree = "<group>"; };
		BA2134182559B6DD0001ADC8 /* Samples.app */ = {isa = PBXFileReference; explicitFileType = wrapper.application; includeInIndex = 0; path = Samples.app; sourceTree = BUILT_PRODUCTS_DIR; };
		BA21341B2559B6DD0001ADC8 /* AppDelegate.swift */ = {isa = PBXFileReference; lastKnownFileType = sourcecode.swift; path = AppDelegate.swift; sourceTree = "<group>"; };
		BA21341F2559B6DD0001ADC8 /* ViewController.swift */ = {isa = PBXFileReference; lastKnownFileType = sourcecode.swift; path = ViewController.swift; sourceTree = "<group>"; };
		BA2134222559B6DD0001ADC8 /* Base */ = {isa = PBXFileReference; lastKnownFileType = file.storyboard; name = Base; path = Base.lproj/Main.storyboard; sourceTree = "<group>"; };
		BA2134242559B6DE0001ADC8 /* Assets.xcassets */ = {isa = PBXFileReference; lastKnownFileType = folder.assetcatalog; path = Assets.xcassets; sourceTree = "<group>"; };
		BA2134272559B6DE0001ADC8 /* Base */ = {isa = PBXFileReference; lastKnownFileType = file.storyboard; name = Base; path = Base.lproj/LaunchScreen.storyboard; sourceTree = "<group>"; };
		BA2134292559B6DE0001ADC8 /* Info.plist */ = {isa = PBXFileReference; lastKnownFileType = text.plist.xml; path = Info.plist; sourceTree = "<group>"; };
		BA21342E2559B6DF0001ADC8 /* SamplesTests.xctest */ = {isa = PBXFileReference; explicitFileType = wrapper.cfbundle; includeInIndex = 0; path = SamplesTests.xctest; sourceTree = BUILT_PRODUCTS_DIR; };
		BA2134342559B6DF0001ADC8 /* Info.plist */ = {isa = PBXFileReference; lastKnownFileType = text.plist.xml; path = Info.plist; sourceTree = "<group>"; };
		BA2134392559B6DF0001ADC8 /* SamplesUITests.xctest */ = {isa = PBXFileReference; explicitFileType = wrapper.cfbundle; includeInIndex = 0; path = SamplesUITests.xctest; sourceTree = BUILT_PRODUCTS_DIR; };
		BA21343D2559B6DF0001ADC8 /* SamplesUITests.swift */ = {isa = PBXFileReference; lastKnownFileType = sourcecode.swift; path = SamplesUITests.swift; sourceTree = "<group>"; };
		BA21343F2559B6DF0001ADC8 /* Info.plist */ = {isa = PBXFileReference; lastKnownFileType = text.plist.xml; path = Info.plist; sourceTree = "<group>"; };
		BA2134542559B7920001ADC8 /* NDLogObjCTests.mm */ = {isa = PBXFileReference; fileEncoding = 4; lastKnownFileType = sourcecode.cpp.objcpp; name = NDLogObjCTests.mm; path = SamplesTests/NDLogObjCTests.mm; sourceTree = SOURCE_ROOT; };
		BA2134662559B9430001ADC8 /* .swiftlint.yml */ = {isa = PBXFileReference; lastKnownFileType = text.yaml; path = .swiftlint.yml; sourceTree = SOURCE_ROOT; };
		BA2134672559B9430001ADC8 /* clang-format.sh */ = {isa = PBXFileReference; lastKnownFileType = text.script.sh; path = "clang-format.sh"; sourceTree = SOURCE_ROOT; };
		BA2134682559B9430001ADC8 /* swiftlint.sh */ = {isa = PBXFileReference; lastKnownFileType = text.script.sh; path = swiftlint.sh; sourceTree = SOURCE_ROOT; };
		BA21347A2559BA6D0001ADC8 /* SamplesTests-Bridging-Header.h */ = {isa = PBXFileReference; lastKnownFileType = sourcecode.c.h; path = "SamplesTests-Bridging-Header.h"; sourceTree = "<group>"; };
		BA21347E2559BA6E0001ADC8 /* NDLog_SwiftTests.swift */ = {isa = PBXFileReference; fileEncoding = 4; lastKnownFileType = sourcecode.swift; path = NDLog_SwiftTests.swift; sourceTree = "<group>"; };
		D8CDEDA5FEEF0EDC60BFC9C7 /* Pods_Samples_SamplesTests.framework */ = {isa = PBXFileReference; explicitFileType = wrapper.framework; includeInIndex = 0; path = Pods_Samples_SamplesTests.framework; sourceTree = BUILT_PRODUCTS_DIR; };
		F6B99C928AE51CC62003D1DD /* Pods-Samples.debug.xcconfig */ = {isa = PBXFileReference; includeInIndex = 1; lastKnownFileType = text.xcconfig; name = "Pods-Samples.debug.xcconfig"; path = "Target Support Files/Pods-Samples/Pods-Samples.debug.xcconfig"; sourceTree = "<group>"; };
/* End PBXFileReference section */

/* Begin PBXFrameworksBuildPhase section */
		BA2134152559B6DD0001ADC8 /* Frameworks */ = {
			isa = PBXFrameworksBuildPhase;
			buildActionMask = 2147483647;
			files = (
				FCE163D0DD754E558A4287CD /* Pods_Samples.framework in Frameworks */,
			);
			runOnlyForDeploymentPostprocessing = 0;
		};
		BA21342B2559B6DF0001ADC8 /* Frameworks */ = {
			isa = PBXFrameworksBuildPhase;
			buildActionMask = 2147483647;
			files = (
				E5402291E46C334D1926C275 /* Pods_Samples_SamplesTests.framework in Frameworks */,
			);
			runOnlyForDeploymentPostprocessing = 0;
		};
		BA2134362559B6DF0001ADC8 /* Frameworks */ = {
			isa = PBXFrameworksBuildPhase;
			buildActionMask = 2147483647;
			files = (
			);
			runOnlyForDeploymentPostprocessing = 0;
		};
/* End PBXFrameworksBuildPhase section */

/* Begin PBXGroup section */
		5A115E4CF0574DF1D6E70523 /* Frameworks */ = {
			isa = PBXGroup;
			children = (
				10B14E93C0393A49AA08D306 /* Pods_Samples.framework */,
				D8CDEDA5FEEF0EDC60BFC9C7 /* Pods_Samples_SamplesTests.framework */,
			);
			name = Frameworks;
			sourceTree = "<group>";
		};
		6991C83F963A69009A2443FA /* Pods */ = {
			isa = PBXGroup;
			children = (
				F6B99C928AE51CC62003D1DD /* Pods-Samples.debug.xcconfig */,
				26C2EA0683A77A7C557D3DD0 /* Pods-Samples.release.xcconfig */,
				7FC7704A3767F4BC8E43BE1E /* Pods-Samples-SamplesTests.debug.xcconfig */,
				448D2F96A54494469BA34D86 /* Pods-Samples-SamplesTests.release.xcconfig */,
			);
			path = Pods;
			sourceTree = "<group>";
		};
		BA21340F2559B6DD0001ADC8 = {
			isa = PBXGroup;
			children = (
				BA21341A2559B6DD0001ADC8 /* Samples */,
				BA2134312559B6DF0001ADC8 /* SamplesTests */,
				BA21343C2559B6DF0001ADC8 /* SamplesUITests */,
				BA2134192559B6DD0001ADC8 /* Products */,
				6991C83F963A69009A2443FA /* Pods */,
				5A115E4CF0574DF1D6E70523 /* Frameworks */,
			);
			sourceTree = "<group>";
		};
		BA2134192559B6DD0001ADC8 /* Products */ = {
			isa = PBXGroup;
			children = (
				BA2134182559B6DD0001ADC8 /* Samples.app */,
				BA21342E2559B6DF0001ADC8 /* SamplesTests.xctest */,
				BA2134392559B6DF0001ADC8 /* SamplesUITests.xctest */,
			);
			name = Products;
			sourceTree = "<group>";
		};
		BA21341A2559B6DD0001ADC8 /* Samples */ = {
			isa = PBXGroup;
			children = (
				BA2134652559B92F0001ADC8 /* Configs */,
				BA21341B2559B6DD0001ADC8 /* AppDelegate.swift */,
				BA21341F2559B6DD0001ADC8 /* ViewController.swift */,
				BA2134212559B6DD0001ADC8 /* Main.storyboard */,
				BA2134242559B6DE0001ADC8 /* Assets.xcassets */,
				BA2134262559B6DE0001ADC8 /* LaunchScreen.storyboard */,
				BA2134292559B6DE0001ADC8 /* Info.plist */,
			);
			path = Samples;
			sourceTree = "<group>";
		};
		BA2134312559B6DF0001ADC8 /* SamplesTests */ = {
			isa = PBXGroup;
			children = (
				BA2134342559B6DF0001ADC8 /* Info.plist */,
				BA2134542559B7920001ADC8 /* NDLogObjCTests.mm */,
				BA21347E2559BA6E0001ADC8 /* NDLog_SwiftTests.swift */,
				BA21347A2559BA6D0001ADC8 /* SamplesTests-Bridging-Header.h */,
			);
			path = SamplesTests;
			sourceTree = "<group>";
		};
		BA21343C2559B6DF0001ADC8 /* SamplesUITests */ = {
			isa = PBXGroup;
			children = (
				BA21343D2559B6DF0001ADC8 /* SamplesUITests.swift */,
				BA21343F2559B6DF0001ADC8 /* Info.plist */,
			);
			path = SamplesUITests;
			sourceTree = "<group>";
		};
		BA2134652559B92F0001ADC8 /* Configs */ = {
			isa = PBXGroup;
			children = (
				BA2134662559B9430001ADC8 /* .swiftlint.yml */,
				BA2134672559B9430001ADC8 /* clang-format.sh */,
				BA2134682559B9430001ADC8 /* swiftlint.sh */,
			);
			name = Configs;
			sourceTree = "<group>";
		};
/* End PBXGroup section */

/* Begin PBXNativeTarget section */
		BA2134172559B6DD0001ADC8 /* Samples */ = {
			isa = PBXNativeTarget;
			buildConfigurationList = BA2134422559B6DF0001ADC8 /* Build configuration list for PBXNativeTarget "Samples" */;
			buildPhases = (
				B6D473B7D18DCC03200E4089 /* [CP] Check Pods Manifest.lock */,
				BA2134692559B9530001ADC8 /* ClangFormat */,
				BA21346A2559B95E0001ADC8 /* SwiftLint */,
				BA2134142559B6DD0001ADC8 /* Sources */,
				BA2134152559B6DD0001ADC8 /* Frameworks */,
				BA2134162559B6DD0001ADC8 /* Resources */,
				F18E1F68F89EA4BF6E66DF70 /* [CP] Embed Pods Frameworks */,
			);
			buildRules = (
			);
			dependencies = (
			);
			name = Samples;
			productName = Samples;
			productReference = BA2134182559B6DD0001ADC8 /* Samples.app */;
			productType = "com.apple.product-type.application";
		};
		BA21342D2559B6DF0001ADC8 /* SamplesTests */ = {
			isa = PBXNativeTarget;
			buildConfigurationList = BA2134452559B6DF0001ADC8 /* Build configuration list for PBXNativeTarget "SamplesTests" */;
			buildPhases = (
				E0C7898512A242AB805D52BB /* [CP] Check Pods Manifest.lock */,
				BA21342A2559B6DF0001ADC8 /* Sources */,
				BA21342B2559B6DF0001ADC8 /* Frameworks */,
				BA21342C2559B6DF0001ADC8 /* Resources */,
				6E0BE8212EE0E2B377098BD6 /* [CP] Embed Pods Frameworks */,
			);
			buildRules = (
			);
			dependencies = (
				BA2134302559B6DF0001ADC8 /* PBXTargetDependency */,
			);
			name = SamplesTests;
			productName = SamplesTests;
			productReference = BA21342E2559B6DF0001ADC8 /* SamplesTests.xctest */;
			productType = "com.apple.product-type.bundle.unit-test";
		};
		BA2134382559B6DF0001ADC8 /* SamplesUITests */ = {
			isa = PBXNativeTarget;
			buildConfigurationList = BA2134482559B6DF0001ADC8 /* Build configuration list for PBXNativeTarget "SamplesUITests" */;
			buildPhases = (
				BA2134352559B6DF0001ADC8 /* Sources */,
				BA2134362559B6DF0001ADC8 /* Frameworks */,
				BA2134372559B6DF0001ADC8 /* Resources */,
			);
			buildRules = (
			);
			dependencies = (
				BA21343B2559B6DF0001ADC8 /* PBXTargetDependency */,
			);
			name = SamplesUITests;
			productName = SamplesUITests;
			productReference = BA2134392559B6DF0001ADC8 /* SamplesUITests.xctest */;
			productType = "com.apple.product-type.bundle.ui-testing";
		};
/* End PBXNativeTarget section */

/* Begin PBXProject section */
		BA2134102559B6DD0001ADC8 /* Project object */ = {
			isa = PBXProject;
			attributes = {
				LastSwiftUpdateCheck = 1210;
				LastUpgradeCheck = 1210;
				TargetAttributes = {
					BA2134172559B6DD0001ADC8 = {
						CreatedOnToolsVersion = 12.1;
					};
					BA21342D2559B6DF0001ADC8 = {
						CreatedOnToolsVersion = 12.1;
						LastSwiftMigration = 1210;
						TestTargetID = BA2134172559B6DD0001ADC8;
					};
					BA2134382559B6DF0001ADC8 = {
						CreatedOnToolsVersion = 12.1;
						TestTargetID = BA2134172559B6DD0001ADC8;
					};
				};
			};
			buildConfigurationList = BA2134132559B6DD0001ADC8 /* Build configuration list for PBXProject "Samples" */;
			compatibilityVersion = "Xcode 9.3";
			developmentRegion = en;
			hasScannedForEncodings = 0;
			knownRegions = (
				en,
				Base,
			);
			mainGroup = BA21340F2559B6DD0001ADC8;
			productRefGroup = BA2134192559B6DD0001ADC8 /* Products */;
			projectDirPath = "";
			projectRoot = "";
			targets = (
				BA2134172559B6DD0001ADC8 /* Samples */,
				BA21342D2559B6DF0001ADC8 /* SamplesTests */,
				BA2134382559B6DF0001ADC8 /* SamplesUITests */,
			);
		};
/* End PBXProject section */

/* Begin PBXResourcesBuildPhase section */
		BA2134162559B6DD0001ADC8 /* Resources */ = {
			isa = PBXResourcesBuildPhase;
			buildActionMask = 2147483647;
			files = (
				BA2134282559B6DE0001ADC8 /* LaunchScreen.storyboard in Resources */,
				BA2134252559B6DE0001ADC8 /* Assets.xcassets in Resources */,
				BA2134232559B6DD0001ADC8 /* Main.storyboard in Resources */,
			);
			runOnlyForDeploymentPostprocessing = 0;
		};
		BA21342C2559B6DF0001ADC8 /* Resources */ = {
			isa = PBXResourcesBuildPhase;
			buildActionMask = 2147483647;
			files = (
			);
			runOnlyForDeploymentPostprocessing = 0;
		};
		BA2134372559B6DF0001ADC8 /* Resources */ = {
			isa = PBXResourcesBuildPhase;
			buildActionMask = 2147483647;
			files = (
			);
			runOnlyForDeploymentPostprocessing = 0;
		};
/* End PBXResourcesBuildPhase section */

/* Begin PBXShellScriptBuildPhase section */
		6E0BE8212EE0E2B377098BD6 /* [CP] Embed Pods Frameworks */ = {
			isa = PBXShellScriptBuildPhase;
			buildActionMask = 2147483647;
			files = (
			);
			inputFileListPaths = (
				"${PODS_ROOT}/Target Support Files/Pods-Samples-SamplesTests/Pods-Samples-SamplesTests-frameworks-${CONFIGURATION}-input-files.xcfilelist",
			);
			name = "[CP] Embed Pods Frameworks";
			outputFileListPaths = (
				"${PODS_ROOT}/Target Support Files/Pods-Samples-SamplesTests/Pods-Samples-SamplesTests-frameworks-${CONFIGURATION}-output-files.xcfilelist",
			);
			runOnlyForDeploymentPostprocessing = 0;
			shellPath = /bin/sh;
			shellScript = "\"${PODS_ROOT}/Target Support Files/Pods-Samples-SamplesTests/Pods-Samples-SamplesTests-frameworks.sh\"\n";
			showEnvVarsInLog = 0;
		};
		B6D473B7D18DCC03200E4089 /* [CP] Check Pods Manifest.lock */ = {
			isa = PBXShellScriptBuildPhase;
			buildActionMask = 2147483647;
			files = (
			);
			inputFileListPaths = (
			);
			inputPaths = (
				"${PODS_PODFILE_DIR_PATH}/Podfile.lock",
				"${PODS_ROOT}/Manifest.lock",
			);
			name = "[CP] Check Pods Manifest.lock";
			outputFileListPaths = (
			);
			outputPaths = (
				"$(DERIVED_FILE_DIR)/Pods-Samples-checkManifestLockResult.txt",
			);
			runOnlyForDeploymentPostprocessing = 0;
			shellPath = /bin/sh;
			shellScript = "diff \"${PODS_PODFILE_DIR_PATH}/Podfile.lock\" \"${PODS_ROOT}/Manifest.lock\" > /dev/null\nif [ $? != 0 ] ; then\n    # print error to STDERR\n    echo \"error: The sandbox is not in sync with the Podfile.lock. Run 'pod install' or update your CocoaPods installation.\" >&2\n    exit 1\nfi\n# This output is used by Xcode 'outputs' to avoid re-running this script phase.\necho \"SUCCESS\" > \"${SCRIPT_OUTPUT_FILE_0}\"\n";
			showEnvVarsInLog = 0;
		};
		BA2134692559B9530001ADC8 /* ClangFormat */ = {
			isa = PBXShellScriptBuildPhase;
			buildActionMask = 2147483647;
			files = (
			);
			inputFileListPaths = (
			);
			inputPaths = (
			);
			name = ClangFormat;
			outputFileListPaths = (
			);
			outputPaths = (
			);
			runOnlyForDeploymentPostprocessing = 0;
			shellPath = /bin/sh;
			shellScript = "./clang-format.sh\n";
		};
		BA21346A2559B95E0001ADC8 /* SwiftLint */ = {
			isa = PBXShellScriptBuildPhase;
			buildActionMask = 2147483647;
			files = (
			);
			inputFileListPaths = (
			);
			inputPaths = (
			);
			name = SwiftLint;
			outputFileListPaths = (
			);
			outputPaths = (
			);
			runOnlyForDeploymentPostprocessing = 0;
			shellPath = /bin/sh;
			shellScript = "./swiftlint.sh\n";
		};
		E0C7898512A242AB805D52BB /* [CP] Check Pods Manifest.lock */ = {
			isa = PBXShellScriptBuildPhase;
			buildActionMask = 2147483647;
			files = (
			);
			inputFileListPaths = (
			);
			inputPaths = (
				"${PODS_PODFILE_DIR_PATH}/Podfile.lock",
				"${PODS_ROOT}/Manifest.lock",
			);
			name = "[CP] Check Pods Manifest.lock";
			outputFileListPaths = (
			);
			outputPaths = (
				"$(DERIVED_FILE_DIR)/Pods-Samples-SamplesTests-checkManifestLockResult.txt",
			);
			runOnlyForDeploymentPostprocessing = 0;
			shellPath = /bin/sh;
			shellScript = "diff \"${PODS_PODFILE_DIR_PATH}/Podfile.lock\" \"${PODS_ROOT}/Manifest.lock\" > /dev/null\nif [ $? != 0 ] ; then\n    # print error to STDERR\n    echo \"error: The sandbox is not in sync with the Podfile.lock. Run 'pod install' or update your CocoaPods installation.\" >&2\n    exit 1\nfi\n# This output is used by Xcode 'outputs' to avoid re-running this script phase.\necho \"SUCCESS\" > \"${SCRIPT_OUTPUT_FILE_0}\"\n";
			showEnvVarsInLog = 0;
		};
		F18E1F68F89EA4BF6E66DF70 /* [CP] Embed Pods Frameworks */ = {
			isa = PBXShellScriptBuildPhase;
			buildActionMask = 2147483647;
			files = (
			);
			inputFileListPaths = (
				"${PODS_ROOT}/Target Support Files/Pods-Samples/Pods-Samples-frameworks-${CONFIGURATION}-input-files.xcfilelist",
			);
			name = "[CP] Embed Pods Frameworks";
			outputFileListPaths = (
				"${PODS_ROOT}/Target Support Files/Pods-Samples/Pods-Samples-frameworks-${CONFIGURATION}-output-files.xcfilelist",
			);
			runOnlyForDeploymentPostprocessing = 0;
			shellPath = /bin/sh;
			shellScript = "\"${PODS_ROOT}/Target Support Files/Pods-Samples/Pods-Samples-frameworks.sh\"\n";
			showEnvVarsInLog = 0;
		};
/* End PBXShellScriptBuildPhase section */

/* Begin PBXSourcesBuildPhase section */
		BA2134142559B6DD0001ADC8 /* Sources */ = {
			isa = PBXSourcesBuildPhase;
			buildActionMask = 2147483647;
			files = (
				BA2134202559B6DD0001ADC8 /* ViewController.swift in Sources */,
				BA21341C2559B6DD0001ADC8 /* AppDelegate.swift in Sources */,
			);
			runOnlyForDeploymentPostprocessing = 0;
		};
		BA21342A2559B6DF0001ADC8 /* Sources */ = {
			isa = PBXSourcesBuildPhase;
			buildActionMask = 2147483647;
			files = (
				BA21347F2559BA6E0001ADC8 /* NDLog_SwiftTests.swift in Sources */,
				BA2134552559B7920001ADC8 /* NDLogObjCTests.mm in Sources */,
			);
			runOnlyForDeploymentPostprocessing = 0;
		};
		BA2134352559B6DF0001ADC8 /* Sources */ = {
			isa = PBXSourcesBuildPhase;
			buildActionMask = 2147483647;
			files = (
				BA21343E2559B6DF0001ADC8 /* SamplesUITests.swift in Sources */,
			);
			runOnlyForDeploymentPostprocessing = 0;
		};
/* End PBXSourcesBuildPhase section */

/* Begin PBXTargetDependency section */
		BA2134302559B6DF0001ADC8 /* PBXTargetDependency */ = {
			isa = PBXTargetDependency;
			target = BA2134172559B6DD0001ADC8 /* Samples */;
			targetProxy = BA21342F2559B6DF0001ADC8 /* PBXContainerItemProxy */;
		};
		BA21343B2559B6DF0001ADC8 /* PBXTargetDependency */ = {
			isa = PBXTargetDependency;
			target = BA2134172559B6DD0001ADC8 /* Samples */;
			targetProxy = BA21343A2559B6DF0001ADC8 /* PBXContainerItemProxy */;
		};
/* End PBXTargetDependency section */

/* Begin PBXVariantGroup section */
		BA2134212559B6DD0001ADC8 /* Main.storyboard */ = {
			isa = PBXVariantGroup;
			children = (
				BA2134222559B6DD0001ADC8 /* Base */,
			);
			name = Main.storyboard;
			sourceTree = "<group>";
		};
		BA2134262559B6DE0001ADC8 /* LaunchScreen.storyboard */ = {
			isa = PBXVariantGroup;
			children = (
				BA2134272559B6DE0001ADC8 /* Base */,
			);
			name = LaunchScreen.storyboard;
			sourceTree = "<group>";
		};
/* End PBXVariantGroup section */

/* Begin XCBuildConfiguration section */
		BA2134402559B6DF0001ADC8 /* Debug */ = {
			isa = XCBuildConfiguration;
			buildSettings = {
				ALWAYS_SEARCH_USER_PATHS = NO;
				CLANG_ANALYZER_NONNULL = YES;
				CLANG_ANALYZER_NUMBER_OBJECT_CONVERSION = YES_AGGRESSIVE;
				CLANG_CXX_LANGUAGE_STANDARD = "gnu++14";
				CLANG_CXX_LIBRARY = "libc++";
				CLANG_ENABLE_MODULES = YES;
				CLANG_ENABLE_OBJC_ARC = YES;
				CLANG_ENABLE_OBJC_WEAK = YES;
				CLANG_WARN_BLOCK_CAPTURE_AUTORELEASING = YES;
				CLANG_WARN_BOOL_CONVERSION = YES;
				CLANG_WARN_COMMA = YES;
				CLANG_WARN_CONSTANT_CONVERSION = YES;
				CLANG_WARN_DEPRECATED_OBJC_IMPLEMENTATIONS = YES;
				CLANG_WARN_DIRECT_OBJC_ISA_USAGE = YES_ERROR;
				CLANG_WARN_DOCUMENTATION_COMMENTS = YES;
				CLANG_WARN_EMPTY_BODY = YES;
				CLANG_WARN_ENUM_CONVERSION = YES;
				CLANG_WARN_INFINITE_RECURSION = YES;
				CLANG_WARN_INT_CONVERSION = YES;
				CLANG_WARN_NON_LITERAL_NULL_CONVERSION = YES;
				CLANG_WARN_OBJC_IMPLICIT_RETAIN_SELF = YES;
				CLANG_WARN_OBJC_LITERAL_CONVERSION = YES;
				CLANG_WARN_OBJC_ROOT_CLASS = YES_ERROR;
				CLANG_WARN_QUOTED_INCLUDE_IN_FRAMEWORK_HEADER = YES;
				CLANG_WARN_RANGE_LOOP_ANALYSIS = YES;
				CLANG_WARN_STRICT_PROTOTYPES = YES;
				CLANG_WARN_SUSPICIOUS_MOVE = YES;
				CLANG_WARN_UNGUARDED_AVAILABILITY = YES_AGGRESSIVE;
				CLANG_WARN_UNREACHABLE_CODE = YES;
				CLANG_WARN__DUPLICATE_METHOD_MATCH = YES;
				COPY_PHASE_STRIP = NO;
				DEBUG_INFORMATION_FORMAT = dwarf;
				ENABLE_STRICT_OBJC_MSGSEND = YES;
				ENABLE_TESTABILITY = YES;
				GCC_C_LANGUAGE_STANDARD = gnu11;
				GCC_DYNAMIC_NO_PIC = NO;
				GCC_NO_COMMON_BLOCKS = YES;
				GCC_OPTIMIZATION_LEVEL = 0;
				GCC_PREPROCESSOR_DEFINITIONS = (
					"DEBUG=1",
					"$(inherited)",
				);
				GCC_WARN_64_TO_32_BIT_CONVERSION = YES;
				GCC_WARN_ABOUT_RETURN_TYPE = YES_ERROR;
				GCC_WARN_UNDECLARED_SELECTOR = YES;
				GCC_WARN_UNINITIALIZED_AUTOS = YES_AGGRESSIVE;
				GCC_WARN_UNUSED_FUNCTION = YES;
				GCC_WARN_UNUSED_VARIABLE = YES;
				IPHONEOS_DEPLOYMENT_TARGET = 9.0;
				MTL_ENABLE_DEBUG_INFO = INCLUDE_SOURCE;
				MTL_FAST_MATH = YES;
				ONLY_ACTIVE_ARCH = YES;
				SDKROOT = iphoneos;
				SWIFT_ACTIVE_COMPILATION_CONDITIONS = DEBUG;
				SWIFT_OPTIMIZATION_LEVEL = "-Onone";
			};
			name = Debug;
		};
		BA2134412559B6DF0001ADC8 /* Release */ = {
			isa = XCBuildConfiguration;
			buildSettings = {
				ALWAYS_SEARCH_USER_PATHS = NO;
				CLANG_ANALYZER_NONNULL = YES;
				CLANG_ANALYZER_NUMBER_OBJECT_CONVERSION = YES_AGGRESSIVE;
				CLANG_CXX_LANGUAGE_STANDARD = "gnu++14";
				CLANG_CXX_LIBRARY = "libc++";
				CLANG_ENABLE_MODULES = YES;
				CLANG_ENABLE_OBJC_ARC = YES;
				CLANG_ENABLE_OBJC_WEAK = YES;
				CLANG_WARN_BLOCK_CAPTURE_AUTORELEASING = YES;
				CLANG_WARN_BOOL_CONVERSION = YES;
				CLANG_WARN_COMMA = YES;
				CLANG_WARN_CONSTANT_CONVERSION = YES;
				CLANG_WARN_DEPRECATED_OBJC_IMPLEMENTATIONS = YES;
				CLANG_WARN_DIRECT_OBJC_ISA_USAGE = YES_ERROR;
				CLANG_WARN_DOCUMENTATION_COMMENTS = YES;
				CLANG_WARN_EMPTY_BODY = YES;
				CLANG_WARN_ENUM_CONVERSION = YES;
				CLANG_WARN_INFINITE_RECURSION = YES;
				CLANG_WARN_INT_CONVERSION = YES;
				CLANG_WARN_NON_LITERAL_NULL_CONVERSION = YES;
				CLANG_WARN_OBJC_IMPLICIT_RETAIN_SELF = YES;
				CLANG_WARN_OBJC_LITERAL_CONVERSION = YES;
				CLANG_WARN_OBJC_ROOT_CLASS = YES_ERROR;
				CLANG_WARN_QUOTED_INCLUDE_IN_FRAMEWORK_HEADER = YES;
				CLANG_WARN_RANGE_LOOP_ANALYSIS = YES;
				CLANG_WARN_STRICT_PROTOTYPES = YES;
				CLANG_WARN_SUSPICIOUS_MOVE = YES;
				CLANG_WARN_UNGUARDED_AVAILABILITY = YES_AGGRESSIVE;
				CLANG_WARN_UNREACHABLE_CODE = YES;
				CLANG_WARN__DUPLICATE_METHOD_MATCH = YES;
				COPY_PHASE_STRIP = NO;
				DEBUG_INFORMATION_FORMAT = "dwarf-with-dsym";
				ENABLE_NS_ASSERTIONS = NO;
				ENABLE_STRICT_OBJC_MSGSEND = YES;
				GCC_C_LANGUAGE_STANDARD = gnu11;
				GCC_NO_COMMON_BLOCKS = YES;
				GCC_WARN_64_TO_32_BIT_CONVERSION = YES;
				GCC_WARN_ABOUT_RETURN_TYPE = YES_ERROR;
				GCC_WARN_UNDECLARED_SELECTOR = YES;
				GCC_WARN_UNINITIALIZED_AUTOS = YES_AGGRESSIVE;
				GCC_WARN_UNUSED_FUNCTION = YES;
				GCC_WARN_UNUSED_VARIABLE = YES;
				IPHONEOS_DEPLOYMENT_TARGET = 9.0;
				MTL_ENABLE_DEBUG_INFO = NO;
				MTL_FAST_MATH = YES;
				SDKROOT = iphoneos;
				SWIFT_COMPILATION_MODE = wholemodule;
				SWIFT_OPTIMIZATION_LEVEL = "-O";
				VALIDATE_PRODUCT = YES;
			};
			name = Release;
		};
		BA2134432559B6DF0001ADC8 /* Debug */ = {
			isa = XCBuildConfiguration;
			baseConfigurationReference = F6B99C928AE51CC62003D1DD /* Pods-Samples.debug.xcconfig */;
			buildSettings = {
				ASSETCATALOG_COMPILER_APPICON_NAME = AppIcon;
				ASSETCATALOG_COMPILER_GLOBAL_ACCENT_COLOR_NAME = AccentColor;
				CODE_SIGN_STYLE = Automatic;
				DEVELOPMENT_TEAM = 6UKD7V9S9N;
				INFOPLIST_FILE = Samples/Info.plist;
				LD_RUNPATH_SEARCH_PATHS = (
					"$(inherited)",
					"@executable_path/Frameworks",
				);
				PRODUCT_BUNDLE_IDENTIFIER = com.neodata.NDLog.Samples;
				PRODUCT_NAME = "$(TARGET_NAME)";
				SWIFT_VERSION = 5.0;
				TARGETED_DEVICE_FAMILY = "1,2";
			};
			name = Debug;
		};
		BA2134442559B6DF0001ADC8 /* Release */ = {
			isa = XCBuildConfiguration;
			baseConfigurationReference = 26C2EA0683A77A7C557D3DD0 /* Pods-Samples.release.xcconfig */;
			buildSettings = {
				ASSETCATALOG_COMPILER_APPICON_NAME = AppIcon;
				ASSETCATALOG_COMPILER_GLOBAL_ACCENT_COLOR_NAME = AccentColor;
				CODE_SIGN_STYLE = Automatic;
				DEVELOPMENT_TEAM = 6UKD7V9S9N;
				INFOPLIST_FILE = Samples/Info.plist;
				LD_RUNPATH_SEARCH_PATHS = (
					"$(inherited)",
					"@executable_path/Frameworks",
				);
				PRODUCT_BUNDLE_IDENTIFIER = com.neodata.NDLog.Samples;
				PRODUCT_NAME = "$(TARGET_NAME)";
				SWIFT_VERSION = 5.0;
				TARGETED_DEVICE_FAMILY = "1,2";
			};
			name = Release;
		};
		BA2134462559B6DF0001ADC8 /* Debug */ = {
			isa = XCBuildConfiguration;
			baseConfigurationReference = 7FC7704A3767F4BC8E43BE1E /* Pods-Samples-SamplesTests.debug.xcconfig */;
			buildSettings = {
				ALWAYS_EMBED_SWIFT_STANDARD_LIBRARIES = YES;
				BUNDLE_LOADER = "$(TEST_HOST)";
				CLANG_ENABLE_MODULES = YES;
				CODE_SIGN_STYLE = Automatic;
				DEVELOPMENT_TEAM = 6UKD7V9S9N;
				INFOPLIST_FILE = SamplesTests/Info.plist;
				LD_RUNPATH_SEARCH_PATHS = (
					"$(inherited)",
					"@executable_path/Frameworks",
					"@loader_path/Frameworks",
				);
				PRODUCT_BUNDLE_IDENTIFIER = com.neodata.NDLog.SamplesTests;
				PRODUCT_NAME = "$(TARGET_NAME)";
				SWIFT_OBJC_BRIDGING_HEADER = "SamplesTests/SamplesTests-Bridging-Header.h";
				SWIFT_OPTIMIZATION_LEVEL = "-Onone";
				SWIFT_VERSION = 5.0;
				TARGETED_DEVICE_FAMILY = "1,2";
				TEST_HOST = "$(BUILT_PRODUCTS_DIR)/Samples.app/Samples";
			};
			name = Debug;
		};
		BA2134472559B6DF0001ADC8 /* Release */ = {
			isa = XCBuildConfiguration;
			baseConfigurationReference = 448D2F96A54494469BA34D86 /* Pods-Samples-SamplesTests.release.xcconfig */;
			buildSettings = {
				ALWAYS_EMBED_SWIFT_STANDARD_LIBRARIES = YES;
				BUNDLE_LOADER = "$(TEST_HOST)";
				CLANG_ENABLE_MODULES = YES;
				CODE_SIGN_STYLE = Automatic;
				DEVELOPMENT_TEAM = 6UKD7V9S9N;
				INFOPLIST_FILE = SamplesTests/Info.plist;
				LD_RUNPATH_SEARCH_PATHS = (
					"$(inherited)",
					"@executable_path/Frameworks",
					"@loader_path/Frameworks",
				);
				PRODUCT_BUNDLE_IDENTIFIER = com.neodata.NDLog.SamplesTests;
				PRODUCT_NAME = "$(TARGET_NAME)";
				SWIFT_OBJC_BRIDGING_HEADER = "SamplesTests/SamplesTests-Bridging-Header.h";
				SWIFT_VERSION = 5.0;
				TARGETED_DEVICE_FAMILY = "1,2";
				TEST_HOST = "$(BUILT_PRODUCTS_DIR)/Samples.app/Samples";
			};
			name = Release;
		};
		BA2134492559B6DF0001ADC8 /* Debug */ = {
			isa = XCBuildConfiguration;
			buildSettings = {
				ALWAYS_EMBED_SWIFT_STANDARD_LIBRARIES = YES;
				CODE_SIGN_STYLE = Automatic;
				DEVELOPMENT_TEAM = 6UKD7V9S9N;
				INFOPLIST_FILE = SamplesUITests/Info.plist;
				LD_RUNPATH_SEARCH_PATHS = (
					"$(inherited)",
					"@executable_path/Frameworks",
					"@loader_path/Frameworks",
				);
				PRODUCT_BUNDLE_IDENTIFIER = com.neodata.NDLog.SamplesUITests;
				PRODUCT_NAME = "$(TARGET_NAME)";
				SWIFT_VERSION = 5.0;
				TARGETED_DEVICE_FAMILY = "1,2";
				TEST_TARGET_NAME = Samples;
			};
			name = Debug;
		};
		BA21344A2559B6DF0001ADC8 /* Release */ = {
			isa = XCBuildConfiguration;
			buildSettings = {
				ALWAYS_EMBED_SWIFT_STANDARD_LIBRARIES = YES;
				CODE_SIGN_STYLE = Automatic;
				DEVELOPMENT_TEAM = 6UKD7V9S9N;
				INFOPLIST_FILE = SamplesUITests/Info.plist;
				LD_RUNPATH_SEARCH_PATHS = (
					"$(inherited)",
					"@executable_path/Frameworks",
					"@loader_path/Frameworks",
				);
				PRODUCT_BUNDLE_IDENTIFIER = com.neodata.NDLog.SamplesUITests;
				PRODUCT_NAME = "$(TARGET_NAME)";
				SWIFT_VERSION = 5.0;
				TARGETED_DEVICE_FAMILY = "1,2";
				TEST_TARGET_NAME = Samples;
			};
			name = Release;
		};
/* End XCBuildConfiguration section */

/* Begin XCConfigurationList section */
		BA2134132559B6DD0001ADC8 /* Build configuration list for PBXProject "Samples" */ = {
			isa = XCConfigurationList;
			buildConfigurations = (
				BA2134402559B6DF0001ADC8 /* Debug */,
				BA2134412559B6DF0001ADC8 /* Release */,
			);
			defaultConfigurationIsVisible = 0;
			defaultConfigurationName = Release;
		};
		BA2134422559B6DF0001ADC8 /* Build configuration list for PBXNativeTarget "Samples" */ = {
			isa = XCConfigurationList;
			buildConfigurations = (
				BA2134432559B6DF0001ADC8 /* Debug */,
				BA2134442559B6DF0001ADC8 /* Release */,
			);
			defaultConfigurationIsVisible = 0;
			defaultConfigurationName = Release;
		};
		BA2134452559B6DF0001ADC8 /* Build configuration list for PBXNativeTarget "SamplesTests" */ = {
			isa = XCConfigurationList;
			buildConfigurations = (
				BA2134462559B6DF0001ADC8 /* Debug */,
				BA2134472559B6DF0001ADC8 /* Release */,
			);
			defaultConfigurationIsVisible = 0;
			defaultConfigurationName = Release;
		};
		BA2134482559B6DF0001ADC8 /* Build configuration list for PBXNativeTarget "SamplesUITests" */ = {
			isa = XCConfigurationList;
			buildConfigurations = (
				BA2134492559B6DF0001ADC8 /* Debug */,
				BA21344A2559B6DF0001ADC8 /* Release */,
			);
			defaultConfigurationIsVisible = 0;
			defaultConfigurationName = Release;
		};
/* End XCConfigurationList section */
	};
	rootObject = BA2134102559B6DD0001ADC8 /* Project object */;
}
